
Microsoft Visual Studio Solution File, Format Version 12.00
# Visual Studio Version 17
VisualStudioVersion = 17.4.33122.133
MinimumVisualStudioVersion = 10.0.40219.1
Project("{FAE04EC0-301F-11D3-BF4B-00C04F79EFBC}") = "System Monitor", "Practic\System Monitor.csproj", "{B36AE2F6-FCCF-4391-9D6E-1D936B3E6B45}"
EndProject
Global
	GlobalSection(SolutionConfigurationPlatforms) = preSolution
		Debug|Any CPU = Debug|Any CPU
		Release|Any CPU = Release|Any CPU
	EndGlobalSection
	GlobalSection(ProjectConfigurationPlatforms) = postSolution
		{B36AE2F6-FCCF-4391-9D6E-1D936B3E6B45}.Debug|Any CPU.ActiveCfg = Debug|Any CPU
		{B36AE2F6-FCCF-4391-9D6E-1D936B3E6B45}.Debug|Any CPU.Build.0 = Debug|Any CPU
		{B36AE2F6-FCCF-4391-9D6E-1D936B3E6B45}.Release|Any CPU.ActiveCfg = Release|Any CPU
		{B36AE2F6-FCCF-4391-9D6E-1D936B3E6B45}.Release|Any CPU.Build.0 = Release|Any CPU
	EndGlobalSection
	GlobalSection(SolutionProperties) = preSolution
		HideSolutionNode = FALSE
	EndGlobalSection
	GlobalSection(ExtensibilityGlobals) = postSolution
		SolutionGuid = {D32B4830-ED97-4731-B0A2-DC6153E52653}
	EndGlobalSection
EndGlobal
